
Microsoft Visual Studio Solution File, Format Version 12.00
# Visual Studio Version 17
VisualStudioVersion = 17.12.35527.113 d17.12
MinimumVisualStudioVersion = 10.0.40219.1
Project("{2150E333-8FDC-42A3-9474-1A3956D46DE8}") = "src", "src", "{C08B4D2B-D84B-4F96-BC69-D2FA3FE8BA72}"
EndProject
Project("{FAE04EC0-301F-11D3-BF4B-00C04F79EFBC}") = "Morpher.Kernel", "src\Morpher.Kernel\Morpher.Kernel.csproj", "{744A1DBC-1563-4772-88ED-31509944C6E3}"
EndProject
Global
	GlobalSection(SolutionConfigurationPlatforms) = preSolution
		Debug|Any CPU = Debug|Any CPU
		Release|Any CPU = Release|Any CPU
	EndGlobalSection
	GlobalSection(ProjectConfigurationPlatforms) = postSolution
		{744A1DBC-1563-4772-88ED-31509944C6E3}.Debug|Any CPU.ActiveCfg = Debug|Any CPU
		{744A1DBC-1563-4772-88ED-31509944C6E3}.Debug|Any CPU.Build.0 = Debug|Any CPU
		{744A1DBC-1563-4772-88ED-31509944C6E3}.Release|Any CPU.ActiveCfg = Release|Any CPU
		{744A1DBC-1563-4772-88ED-31509944C6E3}.Release|Any CPU.Build.0 = Release|Any CPU
	EndGlobalSection
	GlobalSection(SolutionProperties) = preSolution
		HideSolutionNode = FALSE
	EndGlobalSection
	GlobalSection(NestedProjects) = preSolution
		{744A1DBC-1563-4772-88ED-31509944C6E3} = {C08B4D2B-D84B-4F96-BC69-D2FA3FE8BA72}
	EndGlobalSection
EndGlobal
